// !$*UTF8*$!
{
	archiveVersion = 1;
	classes = {
	};
	objectVersion = 56;
	objects = {

/* Begin PBXBuildFile section */
		F84474012A76697A00E0B724 /* AppDelegate.m in Sources */ = {isa = PBXBuildFile; fileRef = F84474002A76697A00E0B724 /* AppDelegate.m */; };
		F84474042A76697A00E0B724 /* SceneDelegate.m in Sources */ = {isa = PBXBuildFile; fileRef = F84474032A76697A00E0B724 /* SceneDelegate.m */; };
		F84474072A76697A00E0B724 /* ViewController.m in Sources */ = {isa = PBXBuildFile; fileRef = F84474062A76697A00E0B724 /* ViewController.m */; };
		F844740A2A76697A00E0B724 /* Main.storyboard in Resources */ = {isa = PBXBuildFile; fileRef = F84474082A76697A00E0B724 /* Main.storyboard */; };
		F844740C2A76697A00E0B724 /* Assets.xcassets in Resources */ = {isa = PBXBuildFile; fileRef = F844740B2A76697A00E0B724 /* Assets.xcassets */; };
		F844740F2A76697A00E0B724 /* LaunchScreen.storyboard in Resources */ = {isa = PBXBuildFile; fileRef = F844740D2A76697A00E0B724 /* LaunchScreen.storyboard */; };
		F84474122A76697A00E0B724 /* main.m in Sources */ = {isa = PBXBuildFile; fileRef = F84474112A76697A00E0B724 /* main.m */; };
		F844741A2A7669B300E0B724 /* ViewItemSerch.m in Sources */ = {isa = PBXBuildFile; fileRef = F84474192A7669B300E0B724 /* ViewItemSerch.m */; };
		F844741D2A7669D100E0B724 /* ItemMaster.m in Sources */ = {isa = PBXBuildFile; fileRef = F844741C2A7669D100E0B724 /* ItemMaster.m */; };
		F84474202A7669EA00E0B724 /* ItemCode.m in Sources */ = {isa = PBXBuildFile; fileRef = F844741F2A7669EA00E0B724 /* ItemCode.m */; };
		F86BCB952A8269CB008C3CA9 /* ViewWaitPopup.m in Sources */ = {isa = PBXBuildFile; fileRef = F86BCB942A8269CB008C3CA9 /* ViewWaitPopup.m */; };
		F89C0FF62A794C9A00C19F12 /* m_easy_stock.mst in Resources */ = {isa = PBXBuildFile; fileRef = F89C0FF52A794C9A00C19F12 /* m_easy_stock.mst */; };
/* End PBXBuildFile section */

/* Begin PBXFileReference section */
		F84473FC2A76697A00E0B724 /* FifthTask_1.app */ = {isa = PBXFileReference; explicitFileType = wrapper.application; includeInIndex = 0; path = FifthTask_1.app; sourceTree = BUILT_PRODUCTS_DIR; };
		F84473FF2A76697A00E0B724 /* AppDelegate.h */ = {isa = PBXFileReference; lastKnownFileType = sourcecode.c.h; path = AppDelegate.h; sourceTree = "<group>"; };
		F84474002A76697A00E0B724 /* AppDelegate.m */ = {isa = PBXFileReference; lastKnownFileType = sourcecode.c.objc; path = AppDelegate.m; sourceTree = "<group>"; };
		F84474022A76697A00E0B724 /* SceneDelegate.h */ = {isa = PBXFileReference; lastKnownFileType = sourcecode.c.h; path = SceneDelegate.h; sourceTree = "<group>"; };
		F84474032A76697A00E0B724 /* SceneDelegate.m */ = {isa = PBXFileReference; lastKnownFileType = sourcecode.c.objc; path = SceneDelegate.m; sourceTree = "<group>"; };
		F84474052A76697A00E0B724 /* ViewController.h */ = {isa = PBXFileReference; lastKnownFileType = sourcecode.c.h; path = ViewController.h; sourceTree = "<group>"; };
		F84474062A76697A00E0B724 /* ViewController.m */ = {isa = PBXFileReference; lastKnownFileType = sourcecode.c.objc; path = ViewController.m; sourceTree = "<group>"; };
		F84474092A76697A00E0B724 /* Base */ = {isa = PBXFileReference; lastKnownFileType = file.storyboard; name = Base; path = Base.lproj/Main.storyboard; sourceTree = "<group>"; };
		F844740B2A76697A00E0B724 /* Assets.xcassets */ = {isa = PBXFileReference; lastKnownFileType = folder.assetcatalog; path = Assets.xcassets; sourceTree = "<group>"; };
		F844740E2A76697A00E0B724 /* Base */ = {isa = PBXFileReference; lastKnownFileType = file.storyboard; name = Base; path = Base.lproj/LaunchScreen.storyboard; sourceTree = "<group>"; };
		F84474102A76697A00E0B724 /* Info.plist */ = {isa = PBXFileReference; lastKnownFileType = text.plist.xml; path = Info.plist; sourceTree = "<group>"; };
		F84474112A76697A00E0B724 /* main.m */ = {isa = PBXFileReference; lastKnownFileType = sourcecode.c.objc; path = main.m; sourceTree = "<group>"; };
		F84474182A7669B300E0B724 /* ViewItemSerch.h */ = {isa = PBXFileReference; lastKnownFileType = sourcecode.c.h; path = ViewItemSerch.h; sourceTree = "<group>"; };
		F84474192A7669B300E0B724 /* ViewItemSerch.m */ = {isa = PBXFileReference; lastKnownFileType = sourcecode.c.objc; path = ViewItemSerch.m; sourceTree = "<group>"; };
		F844741B2A7669D100E0B724 /* ItemMaster.h */ = {isa = PBXFileReference; lastKnownFileType = sourcecode.c.h; path = ItemMaster.h; sourceTree = "<group>"; };
		F844741C2A7669D100E0B724 /* ItemMaster.m */ = {isa = PBXFileReference; lastKnownFileType = sourcecode.c.objc; path = ItemMaster.m; sourceTree = "<group>"; };
		F844741E2A7669EA00E0B724 /* ItemCode.h */ = {isa = PBXFileReference; lastKnownFileType = sourcecode.c.h; path = ItemCode.h; sourceTree = "<group>"; };
		F844741F2A7669EA00E0B724 /* ItemCode.m */ = {isa = PBXFileReference; lastKnownFileType = sourcecode.c.objc; path = ItemCode.m; sourceTree = "<group>"; };
		F86BCB932A8269CB008C3CA9 /* ViewWaitPopup.h */ = {isa = PBXFileReference; lastKnownFileType = sourcecode.c.h; path = ViewWaitPopup.h; sourceTree = "<group>"; };
		F86BCB942A8269CB008C3CA9 /* ViewWaitPopup.m */ = {isa = PBXFileReference; lastKnownFileType = sourcecode.c.objc; path = ViewWaitPopup.m; sourceTree = "<group>"; };
		F89C0FF52A794C9A00C19F12 /* m_easy_stock.mst */ = {isa = PBXFileReference; lastKnownFileType = text; path = m_easy_stock.mst; sourceTree = SOURCE_ROOT; };
/* End PBXFileReference section */

/* Begin PBXFrameworksBuildPhase section */
		F84473F92A76697A00E0B724 /* Frameworks */ = {
			isa = PBXFrameworksBuildPhase;
			buildActionMask = 2147483647;
			files = (
			);
			runOnlyForDeploymentPostprocessing = 0;
		};
/* End PBXFrameworksBuildPhase section */

/* Begin PBXGroup section */
		F84473F32A76697A00E0B724 = {
			isa = PBXGroup;
			children = (
				F84473FE2A76697A00E0B724 /* FifthTask_1 */,
				F84473FD2A76697A00E0B724 /* Products */,
			);
			sourceTree = "<group>";
		};
		F84473FD2A76697A00E0B724 /* Products */ = {
			isa = PBXGroup;
			children = (
				F84473FC2A76697A00E0B724 /* FifthTask_1.app */,
			);
			name = Products;
			sourceTree = "<group>";
		};
		F84473FE2A76697A00E0B724 /* FifthTask_1 */ = {
			isa = PBXGroup;
			children = (
				F84473FF2A76697A00E0B724 /* AppDelegate.h */,
				F84474002A76697A00E0B724 /* AppDelegate.m */,
				F84474022A76697A00E0B724 /* SceneDelegate.h */,
				F84474032A76697A00E0B724 /* SceneDelegate.m */,
				F84474052A76697A00E0B724 /* ViewController.h */,
				F84474062A76697A00E0B724 /* ViewController.m */,
				F84474182A7669B300E0B724 /* ViewItemSerch.h */,
				F84474192A7669B300E0B724 /* ViewItemSerch.m */,
				F844741B2A7669D100E0B724 /* ItemMaster.h */,
				F844741C2A7669D100E0B724 /* ItemMaster.m */,
				F844741E2A7669EA00E0B724 /* ItemCode.h */,
				F844741F2A7669EA00E0B724 /* ItemCode.m */,
				F86BCB932A8269CB008C3CA9 /* ViewWaitPopup.h */,
				F86BCB942A8269CB008C3CA9 /* ViewWaitPopup.m */,
				F84474082A76697A00E0B724 /* Main.storyboard */,
				F844740B2A76697A00E0B724 /* Assets.xcassets */,
				F844740D2A76697A00E0B724 /* LaunchScreen.storyboard */,
				F84474102A76697A00E0B724 /* Info.plist */,
				F84474112A76697A00E0B724 /* main.m */,
				F89C0FF52A794C9A00C19F12 /* m_easy_stock.mst */,
			);
			path = FifthTask_1;
			sourceTree = "<group>";
		};
/* End PBXGroup section */

/* Begin PBXNativeTarget section */
		F84473FB2A76697A00E0B724 /* FifthTask_1 */ = {
			isa = PBXNativeTarget;
			buildConfigurationList = F84474152A76697A00E0B724 /* Build configuration list for PBXNativeTarget "FifthTask_1" */;
			buildPhases = (
				F84473F82A76697A00E0B724 /* Sources */,
				F84473F92A76697A00E0B724 /* Frameworks */,
				F84473FA2A76697A00E0B724 /* Resources */,
			);
			buildRules = (
			);
			dependencies = (
			);
			name = FifthTask_1;
			productName = FifthTask_1;
			productReference = F84473FC2A76697A00E0B724 /* FifthTask_1.app */;
			productType = "com.apple.product-type.application";
		};
/* End PBXNativeTarget section */

/* Begin PBXProject section */
		F84473F42A76697A00E0B724 /* Project object */ = {
			isa = PBXProject;
			attributes = {
				BuildIndependentTargetsInParallel = 1;
				LastUpgradeCheck = 1430;
				TargetAttributes = {
					F84473FB2A76697A00E0B724 = {
						CreatedOnToolsVersion = 14.3.1;
					};
				};
			};
			buildConfigurationList = F84473F72A76697A00E0B724 /* Build configuration list for PBXProject "FifthTask_1" */;
			compatibilityVersion = "Xcode 14.0";
			developmentRegion = en;
			hasScannedForEncodings = 0;
			knownRegions = (
				en,
				Base,
			);
			mainGroup = F84473F32A76697A00E0B724;
			productRefGroup = F84473FD2A76697A00E0B724 /* Products */;
			projectDirPath = "";
			projectRoot = "";
			targets = (
				F84473FB2A76697A00E0B724 /* FifthTask_1 */,
			);
		};
/* End PBXProject section */

/* Begin PBXResourcesBuildPhase section */
		F84473FA2A76697A00E0B724 /* Resources */ = {
			isa = PBXResourcesBuildPhase;
			buildActionMask = 2147483647;
			files = (
				F844740F2A76697A00E0B724 /* LaunchScreen.storyboard in Resources */,
				F844740C2A76697A00E0B724 /* Assets.xcassets in Resources */,
				F844740A2A76697A00E0B724 /* Main.storyboard in Resources */,
				F89C0FF62A794C9A00C19F12 /* m_easy_stock.mst in Resources */,
			);
			runOnlyForDeploymentPostprocessing = 0;
		};
/* End PBXResourcesBuildPhase section */

/* Begin PBXSourcesBuildPhase section */
		F84473F82A76697A00E0B724 /* Sources */ = {
			isa = PBXSourcesBuildPhase;
			buildActionMask = 2147483647;
			files = (
				F84474072A76697A00E0B724 /* ViewController.m in Sources */,
				F84474012A76697A00E0B724 /* AppDelegate.m in Sources */,
				F844741D2A7669D100E0B724 /* ItemMaster.m in Sources */,
				F84474202A7669EA00E0B724 /* ItemCode.m in Sources */,
				F84474122A76697A00E0B724 /* main.m in Sources */,
				F844741A2A7669B300E0B724 /* ViewItemSerch.m in Sources */,
				F86BCB952A8269CB008C3CA9 /* ViewWaitPopup.m in Sources */,
				F84474042A76697A00E0B724 /* SceneDelegate.m in Sources */,
			);
			runOnlyForDeploymentPostprocessing = 0;
		};
/* End PBXSourcesBuildPhase section */

/* Begin PBXVariantGroup section */
		F84474082A76697A00E0B724 /* Main.storyboard */ = {
			isa = PBXVariantGroup;
			children = (
				F84474092A76697A00E0B724 /* Base */,
			);
			name = Main.storyboard;
			sourceTree = "<group>";
		};
		F844740D2A76697A00E0B724 /* LaunchScreen.storyboard */ = {
			isa = PBXVariantGroup;
			children = (
				F844740E2A76697A00E0B724 /* Base */,
			);
			name = LaunchScreen.storyboard;
			sourceTree = "<group>";
		};
/* End PBXVariantGroup section */

/* Begin XCBuildConfiguration section */
		F84474132A76697A00E0B724 /* Debug */ = {
			isa = XCBuildConfiguration;
			buildSettings = {
				ALWAYS_SEARCH_USER_PATHS = NO;
				CLANG_ANALYZER_NONNULL = YES;
				CLANG_ANALYZER_NUMBER_OBJECT_CONVERSION = YES_AGGRESSIVE;
				CLANG_CXX_LANGUAGE_STANDARD = "gnu++20";
				CLANG_ENABLE_MODULES = YES;
				CLANG_ENABLE_OBJC_ARC = YES;
				CLANG_ENABLE_OBJC_WEAK = YES;
				CLANG_WARN_BLOCK_CAPTURE_AUTORELEASING = YES;
				CLANG_WARN_BOOL_CONVERSION = YES;
				CLANG_WARN_COMMA = YES;
				CLANG_WARN_CONSTANT_CONVERSION = YES;
				CLANG_WARN_DEPRECATED_OBJC_IMPLEMENTATIONS = YES;
				CLANG_WARN_DIRECT_OBJC_ISA_USAGE = YES_ERROR;
				CLANG_WARN_DOCUMENTATION_COMMENTS = YES;
				CLANG_WARN_EMPTY_BODY = YES;
				CLANG_WARN_ENUM_CONVERSION = YES;
				CLANG_WARN_INFINITE_RECURSION = YES;
				CLANG_WARN_INT_CONVERSION = YES;
				CLANG_WARN_NON_LITERAL_NULL_CONVERSION = YES;
				CLANG_WARN_OBJC_IMPLICIT_RETAIN_SELF = YES;
				CLANG_WARN_OBJC_LITERAL_CONVERSION = YES;
				CLANG_WARN_OBJC_ROOT_CLASS = YES_ERROR;
				CLANG_WARN_QUOTED_INCLUDE_IN_FRAMEWORK_HEADER = YES;
				CLANG_WARN_RANGE_LOOP_ANALYSIS = YES;
				CLANG_WARN_STRICT_PROTOTYPES = YES;
				CLANG_WARN_SUSPICIOUS_MOVE = YES;
				CLANG_WARN_UNGUARDED_AVAILABILITY = YES_AGGRESSIVE;
				CLANG_WARN_UNREACHABLE_CODE = YES;
				CLANG_WARN__DUPLICATE_METHOD_MATCH = YES;
				COPY_PHASE_STRIP = NO;
				DEBUG_INFORMATION_FORMAT = dwarf;
				ENABLE_STRICT_OBJC_MSGSEND = YES;
				ENABLE_TESTABILITY = YES;
				GCC_C_LANGUAGE_STANDARD = gnu11;
				GCC_DYNAMIC_NO_PIC = NO;
				GCC_NO_COMMON_BLOCKS = YES;
				GCC_OPTIMIZATION_LEVEL = 0;
				GCC_PREPROCESSOR_DEFINITIONS = (
					"DEBUG=1",
					"$(inherited)",
				);
				GCC_WARN_64_TO_32_BIT_CONVERSION = YES;
				GCC_WARN_ABOUT_RETURN_TYPE = YES_ERROR;
				GCC_WARN_UNDECLARED_SELECTOR = YES;
				GCC_WARN_UNINITIALIZED_AUTOS = YES_AGGRESSIVE;
				GCC_WARN_UNUSED_FUNCTION = YES;
				GCC_WARN_UNUSED_VARIABLE = YES;
				IPHONEOS_DEPLOYMENT_TARGET = 16.4;
				MTL_ENABLE_DEBUG_INFO = INCLUDE_SOURCE;
				MTL_FAST_MATH = YES;
				ONLY_ACTIVE_ARCH = YES;
				SDKROOT = iphoneos;
			};
			name = Debug;
		};
		F84474142A76697A00E0B724 /* Release */ = {
			isa = XCBuildConfiguration;
			buildSettings = {
				ALWAYS_SEARCH_USER_PATHS = NO;
				CLANG_ANALYZER_NONNULL = YES;
				CLANG_ANALYZER_NUMBER_OBJECT_CONVERSION = YES_AGGRESSIVE;
				CLANG_CXX_LANGUAGE_STANDARD = "gnu++20";
				CLANG_ENABLE_MODULES = YES;
				CLANG_ENABLE_OBJC_ARC = YES;
				CLANG_ENABLE_OBJC_WEAK = YES;
				CLANG_WARN_BLOCK_CAPTURE_AUTORELEASING = YES;
				CLANG_WARN_BOOL_CONVERSION = YES;
				CLANG_WARN_COMMA = YES;
				CLANG_WARN_CONSTANT_CONVERSION = YES;
				CLANG_WARN_DEPRECATED_OBJC_IMPLEMENTATIONS = YES;
				CLANG_WARN_DIRECT_OBJC_ISA_USAGE = YES_ERROR;
				CLANG_WARN_DOCUMENTATION_COMMENTS = YES;
				CLANG_WARN_EMPTY_BODY = YES;
				CLANG_WARN_ENUM_CONVERSION = YES;
				CLANG_WARN_INFINITE_RECURSION = YES;
				CLANG_WARN_INT_CONVERSION = YES;
				CLANG_WARN_NON_LITERAL_NULL_CONVERSION = YES;
				CLANG_WARN_OBJC_IMPLICIT_RETAIN_SELF = YES;
				CLANG_WARN_OBJC_LITERAL_CONVERSION = YES;
				CLANG_WARN_OBJC_ROOT_CLASS = YES_ERROR;
				CLANG_WARN_QUOTED_INCLUDE_IN_FRAMEWORK_HEADER = YES;
				CLANG_WARN_RANGE_LOOP_ANALYSIS = YES;
				CLANG_WARN_STRICT_PROTOTYPES = YES;
				CLANG_WARN_SUSPICIOUS_MOVE = YES;
				CLANG_WARN_UNGUARDED_AVAILABILITY = YES_AGGRESSIVE;
				CLANG_WARN_UNREACHABLE_CODE = YES;
				CLANG_WARN__DUPLICATE_METHOD_MATCH = YES;
				COPY_PHASE_STRIP = NO;
				DEBUG_INFORMATION_FORMAT = "dwarf-with-dsym";
				ENABLE_NS_ASSERTIONS = NO;
				ENABLE_STRICT_OBJC_MSGSEND = YES;
				GCC_C_LANGUAGE_STANDARD = gnu11;
				GCC_NO_COMMON_BLOCKS = YES;
				GCC_WARN_64_TO_32_BIT_CONVERSION = YES;
				GCC_WARN_ABOUT_RETURN_TYPE = YES_ERROR;
				GCC_WARN_UNDECLARED_SELECTOR = YES;
				GCC_WARN_UNINITIALIZED_AUTOS = YES_AGGRESSIVE;
				GCC_WARN_UNUSED_FUNCTION = YES;
				GCC_WARN_UNUSED_VARIABLE = YES;
				IPHONEOS_DEPLOYMENT_TARGET = 16.4;
				MTL_ENABLE_DEBUG_INFO = NO;
				MTL_FAST_MATH = YES;
				SDKROOT = iphoneos;
				VALIDATE_PRODUCT = YES;
			};
			name = Release;
		};
		F84474162A76697A00E0B724 /* Debug */ = {
			isa = XCBuildConfiguration;
			buildSettings = {
				ASSETCATALOG_COMPILER_APPICON_NAME = AppIcon;
				ASSETCATALOG_COMPILER_GLOBAL_ACCENT_COLOR_NAME = AccentColor;
				CODE_SIGN_STYLE = Automatic;
				CURRENT_PROJECT_VERSION = 1;
				GENERATE_INFOPLIST_FILE = YES;
				INFOPLIST_FILE = FifthTask_1/Info.plist;
				INFOPLIST_KEY_UIApplicationSupportsIndirectInputEvents = YES;
				INFOPLIST_KEY_UILaunchStoryboardName = LaunchScreen;
				INFOPLIST_KEY_UIMainStoryboardFile = Main;
				INFOPLIST_KEY_UISupportedInterfaceOrientations_iPad = "UIInterfaceOrientationPortrait UIInterfaceOrientationPortraitUpsideDown UIInterfaceOrientationLandscapeLeft UIInterfaceOrientationLandscapeRight";
				INFOPLIST_KEY_UISupportedInterfaceOrientations_iPhone = "UIInterfaceOrientationPortrait UIInterfaceOrientationLandscapeLeft UIInterfaceOrientationLandscapeRight";
				LD_RUNPATH_SEARCH_PATHS = (
					"$(inherited)",
					"@executable_path/Frameworks",
				);
				MARKETING_VERSION = 1.0;
				PRODUCT_BUNDLE_IDENTIFIER = "Jnu.FifthTask-1";
				PRODUCT_NAME = "$(TARGET_NAME)";
				SWIFT_EMIT_LOC_STRINGS = YES;
				TARGETED_DEVICE_FAMILY = "1,2";
			};
			name = Debug;
		};
		F84474172A76697A00E0B724 /* Release */ = {
			isa = XCBuildConfiguration;
			buildSettings = {
				ASSETCATALOG_COMPILER_APPICON_NAME = AppIcon;
				ASSETCATALOG_COMPILER_GLOBAL_ACCENT_COLOR_NAME = AccentColor;
				CODE_SIGN_STYLE = Automatic;
				CURRENT_PROJECT_VERSION = 1;
				GENERATE_INFOPLIST_FILE = YES;
				INFOPLIST_FILE = FifthTask_1/Info.plist;
				INFOPLIST_KEY_UIApplicationSupportsIndirectInputEvents = YES;
				INFOPLIST_KEY_UILaunchStoryboardName = LaunchScreen;
				INFOPLIST_KEY_UIMainStoryboardFile = Main;
				INFOPLIST_KEY_UISupportedInterfaceOrientations_iPad = "UIInterfaceOrientationPortrait UIInterfaceOrientationPortraitUpsideDown UIInterfaceOrientationLandscapeLeft UIInterfaceOrientationLandscapeRight";
				INFOPLIST_KEY_UISupportedInterfaceOrientations_iPhone = "UIInterfaceOrientationPortrait UIInterfaceOrientationLandscapeLeft UIInterfaceOrientationLandscapeRight";
				LD_RUNPATH_SEARCH_PATHS = (
					"$(inherited)",
					"@executable_path/Frameworks",
				);
				MARKETING_VERSION = 1.0;
				PRODUCT_BUNDLE_IDENTIFIER = "Jnu.FifthTask-1";
				PRODUCT_NAME = "$(TARGET_NAME)";
				SWIFT_EMIT_LOC_STRINGS = YES;
				TARGETED_DEVICE_FAMILY = "1,2";
			};
			name = Release;
		};
/* End XCBuildConfiguration section */

/* Begin XCConfigurationList section */
		F84473F72A76697A00E0B724 /* Build configuration list for PBXProject "FifthTask_1" */ = {
			isa = XCConfigurationList;
			buildConfigurations = (
				F84474132A76697A00E0B724 /* Debug */,
				F84474142A76697A00E0B724 /* Release */,
			);
			defaultConfigurationIsVisible = 0;
			defaultConfigurationName = Release;
		};
		F84474152A76697A00E0B724 /* Build configuration list for PBXNativeTarget "FifthTask_1" */ = {
			isa = XCConfigurationList;
			buildConfigurations = (
				F84474162A76697A00E0B724 /* Debug */,
				F84474172A76697A00E0B724 /* Release */,
			);
			defaultConfigurationIsVisible = 0;
			defaultConfigurationName = Release;
		};
/* End XCConfigurationList section */
	};
	rootObject = F84473F42A76697A00E0B724 /* Project object */;
}
